github.com/ariefdarmawan/serde v0.1.1 h1:TIhTKKFfK4WfYcS/hW1nSD81Uqd1jkY9Xli8e/3h/MA=
github.com/ariefdarmawan/serde v0.1.1/go.mod h1:geSqYU2wYlGlmOePjLbU9S1A4FkkaQB59vuAnTeZclM=
github.com/gopherjs/gopherjs v1.17.2 h1:fQnZVsXk8uxXIStYb0N4bGk7jeyTalG/wsZjQ25dO0g=
github.com/gopherjs/gopherjs v1.17.2/go.mod h1:pRRIvn/QzFLrKfvEz3qUuEhtE/zLCWfreZ6J5gM2i+k=
github.com/jtolds/gls v4.20.0+incompatible h1:xdiiI2gbIgH/gLH7ADydsJ1uDOEzR8yvV7C0MuV77Wo=
github.com/jtolds/gls v4.20.0+incompatible/go.mod h1:QJZ7F/aHp+rZTRtaJ1ow/lLfFfVYBRgL+9YlvaHOwJU=
github.com/sebarcode/codekit v0.1.0/go.mod h1:o54sVKGC7+M1leMkKhVXssOXwuHCylW5GJto0UiQJEg=
github.com/sebarcode/codekit v0.1.4 h1:k/GS7qjDSbRD1fmo02LgGrD1ab7m21zAs/eqm7tIXfM=
github.com/sebarcode/codekit v0.1.4/go.mod h1:CNHNFOALfsqgDmu+GIFSo4RAoCsECBCS84RmHbqj88I=
github.com/smartystreets/assertions v1.13.1 h1:Ef7KhSmjZcK6AVf9YbJdvPYG9avaF0ZxudX+ThRdWfU=
github.com/smartystreets/assertions v1.13.1/go.mod h1:cXr/IwVfSo/RbCSPhoAPv73p3hlSdrBH/b3SdnW/LMY=
github.com/smartystreets/goconvey v1.8.0 h1:Oi49ha/2MURE0WexF052Z0m+BNSGirfjg5RL+JXWq3w=
github.com/smartystreets/goconvey v1.8.0/go.mod h1:EdX8jtrTIj26jmjCOVNMVSIYAtgexqXKHOXW2Dx9JLg=
